
Microsoft Visual Studio Solution File, Format Version 12.00
# Visual Studio Version 17
VisualStudioVersion = 17.4.33213.308
MinimumVisualStudioVersion = 10.0.40219.1
Project("{FAE04EC0-301F-11D3-BF4B-00C04F79EFBC}") = "Eco_Driving_App", "Eco_Driving_App.csproj", "{3065F8B3-2543-4732-8776-AEC706DA9301}"
EndProject
Project("{2150E333-8FDC-42A3-9474-1A3956D46DE8}") = "Solution Items", "Solution Items", "{D7C75139-B856-4E79-9214-3A8A7E27189D}"
	ProjectSection(SolutionItems) = preProject
		..\..\..\..\..\..\..\Program Files\Microsoft SQL Server\MSSQL16.MSSQLSERVER\MSSQL\DATA\eco_driving.mdf = ..\..\..\..\..\..\..\Program Files\Microsoft SQL Server\MSSQL16.MSSQLSERVER\MSSQL\DATA\eco_driving.mdf
	EndProjectSection
EndProject
Global
	GlobalSection(SolutionConfigurationPlatforms) = preSolution
		Debug|Any CPU = Debug|Any CPU
		Release|Any CPU = Release|Any CPU
	EndGlobalSection
	GlobalSection(ProjectConfigurationPlatforms) = postSolution
		{3065F8B3-2543-4732-8776-AEC706DA9301}.Debug|Any CPU.ActiveCfg = Debug|Any CPU
		{3065F8B3-2543-4732-8776-AEC706DA9301}.Debug|Any CPU.Build.0 = Debug|Any CPU
		{3065F8B3-2543-4732-8776-AEC706DA9301}.Release|Any CPU.ActiveCfg = Release|Any CPU
		{3065F8B3-2543-4732-8776-AEC706DA9301}.Release|Any CPU.Build.0 = Release|Any CPU
	EndGlobalSection
	GlobalSection(SolutionProperties) = preSolution
		HideSolutionNode = FALSE
	EndGlobalSection
	GlobalSection(ExtensibilityGlobals) = postSolution
		SolutionGuid = {B90DB59E-C061-4038-9BFB-0B230C862611}
	EndGlobalSection
EndGlobal
